{
  "nodes": {
    "home-manager": {
      "inputs": {
        "nixpkgs": [
          "nixpkgs"
        ]
      },
      "locked": {
        "lastModified": 1716729631,
        "narHash": "sha256-IerjU5GUeKc0eW9FPOdlPveSGJ2ZrO+lIfuHPUmUF2I=",
        "owner": "nix-community",
        "repo": "home-manager",
        "rev": "fc4492181833eaaa7a26a8081c0615d95792d825",
        "type": "github"
      },
      "original": {
        "owner": "nix-community",
        "ref": "release-23.05",
        "repo": "home-manager",
        "type": "github"
      }
    },
    "nixpkgs": {
      "locked": {
        "lastModified": 1721743106,
        "narHash": "sha256-adRZhFpBTnHiK3XIELA3IBaApz70HwCYfv7xNrHjebA=",
        "owner": "NixOS",
        "repo": "nixpkgs",
        "rev": "dc14ed91132ee3a26255d01d8fd0c1f5bff27b2f",
        "type": "github"
      },
      "original": {
        "id": "nixpkgs",
        "ref": "nixos-unstable",
        "type": "indirect"
      }
    },
    "root": {
      "inputs": {
        "home-manager": "home-manager",
        "nixpkgs": "nixpkgs"
      }
    }
  },
  "root": "root",
  "version": 7
}
